{
  "version": 4,
  "terraform_version": "1.5.7",
  "serial": 570,
  "lineage": "c9accc38-e937-17a2-e6aa-e3739da24c16",
  "outputs": {
    "vm01_connect": {
      "value": "ssh -i ssh/db2 ubuntu@207.211.187.79",
      "type": "string"
    }
  },
  "resources": [
    {
      "mode": "data",
      "type": "cloudinit_config",
      "name": "vm01",
      "provider": "provider[\"registry.terraform.io/hashicorp/cloudinit\"]",
      "instances": [
        {
          "schema_version": 0,
          "attributes": {
            "base64_encode": true,
            "boundary": "MIMEBOUNDARY",
            "gzip": true,
            "id": "2675777729",
            "part": [
              {
                "content": "#!/bin/bash\r\n\r\napt-get update\r\napt-get -y upgrade\r\napt-get -y install pip\r\napt-get remove  -y docker.io\r\napt-get remove  -y docker-doc\r\napt-get remove  -y docker-compose\r\napt-get remove  -y podman-docker\r\napt-get remove  -y containerd\r\napt-get remove  -y runc\r\napt-get remove  -y docker\r\napt-get install ca-certificates curl gnupg -y\r\napt-get install unzip -y\r\ninstall -m 0755 -d /etc/apt/keyrings\r\ncurl -fsSL https://download.docker.com/linux/ubuntu/gpg |  gpg --dearmor -o /etc/apt/keyrings/docker.gpg\r\nchmod a+r /etc/apt/keyrings/docker.gpg\r\necho \"deb [arch=\"$(dpkg --print-architecture)\" signed-by=/etc/apt/keyrings/docker.gpg] https://download.docker.com/linux/ubuntu \"$(. /etc/os-release \u0026\u0026 echo \"$VERSION_CODENAME\")\" stable\" | tee /etc/apt/sources.list.d/docker.list \u003e /dev/null\r\napt-get update -y\r\napt-get install docker-ce docker-ce-cli containerd.io docker-buildx-plugin docker-compose-plugin -y\r\ndocker run -d -p 80:5000 --name apimongo aaronortijimn/apimongo\r\n",
                "content_type": "text/x-shellscript",
                "filename": null,
                "merge_type": null
              }
            ],
            "rendered": "H4sIAAAAAAAA/4xUXWvbQBB8F+g/bNUQUsrq3IeQ4pJCmvghUCeQtIFSSjndbeRtTnfHfaR2yY8viqPajY3bJ2lnhpk9aaRTZxPZhJ8WnsbQZZPYy5BEx3PS76Bx2WoZFsfV9Hw6+XD5+eLs5OpLVfQT3lCI7OwY3tSjsigLxHVRWfzxDtLGWwo4scpptu0YjhpOa4LH8ETzJOYYZ2RMVIF9Kospd7SR8/KFaNiKRsZZP0qfsKUE2WuZaDXjArJvg9R/Y2xjksaAZ7/CA3XunqDntVN3FGp2O1jUTu2ileu8i7RV4p3upMWlcqtCOZskWwp6Kx2y3RW+ooaTKomKQuJbVjJRBJWDgdZm3wIuNuXZ/mL/yAwIdjA6OjwE1CAoKSF9Ene0CGzbWBaPdngbrz/CLCUfx0Jo99MaJ3X99DCV64Rhm+ciN9mmLFrfwgNAf0HUJEPnAqDbtBdPDq1vy0LNOqdBvg7/0JGaOag0NfBVBjU7rvYOtL/ro3xgm7AHOZFKOdCrCiK3ljQ2i+Ndtt/++3RQ7R3UyxVdxECGZCTY34flXns3k6vr88uL76eXZ5OLk+mk6ndIsjFUwQMkotXxostBUawNx1TrYZt+gvcgNN0Lm415/g1sfa1DNWl1h8rwWttqdgPXZDZ6jt7klu2zVg9oH7Jk+kr25UAPb0fjw9FoBIhWdgTSc+ds60DK4KwLiX9wZ8UAb/41EMvidwAAAP//v1acSpQEAAA="
          },
          "sensitive_attributes": []
        }
      ]
    },
    {
      "mode": "data",
      "type": "oci_identity_availability_domains",
      "name": "ads",
      "provider": "provider[\"registry.terraform.io/oracle/oci\"]",
      "instances": [
        {
          "schema_version": 0,
          "attributes": {
            "availability_domains": [
              {
                "compartment_id": "ocid1.tenancy.oc1..aaaaaaaa3epwpfrm2lqzabu6lvt2dggy7mixxirw3o4x34s2y23rhh34n6oq",
                "id": "ocid1.availabilitydomain.oc1..aaaaaaaaag25rxkuwv76f77a57wz5h4a4pkm545dam4ndohfge25sffw5p3a",
                "name": "Zjmp:US-CHICAGO-1-AD-1"
              },
              {
                "compartment_id": "ocid1.tenancy.oc1..aaaaaaaa3epwpfrm2lqzabu6lvt2dggy7mixxirw3o4x34s2y23rhh34n6oq",
                "id": "ocid1.availabilitydomain.oc1..aaaaaaaaax7k6s6cmu2faw5rbjobhjhvevgqtrbz7s4epy5g4j2nxsw7q4mq",
                "name": "Zjmp:US-CHICAGO-1-AD-2"
              },
              {
                "compartment_id": "ocid1.tenancy.oc1..aaaaaaaa3epwpfrm2lqzabu6lvt2dggy7mixxirw3o4x34s2y23rhh34n6oq",
                "id": "ocid1.availabilitydomain.oc1..aaaaaaaave3zavc6gqeces7x4s4kwoqvyuszk4uiaee3lcma4cq4jb4gmx5q",
                "name": "Zjmp:US-CHICAGO-1-AD-3"
              }
            ],
            "compartment_id": "ocid1.tenancy.oc1..aaaaaaaa3epwpfrm2lqzabu6lvt2dggy7mixxirw3o4x34s2y23rhh34n6oq",
            "filter": null,
            "id": "IdentityAvailabilityDomainsDataSource-997734323"
          },
          "sensitive_attributes": []
        }
      ]
    },
    {
      "mode": "data",
      "type": "oci_objectstorage_namespace",
      "name": "namespace",
      "provider": "provider[\"registry.terraform.io/oracle/oci\"]",
      "instances": [
        {
          "schema_version": 0,
          "attributes": {
            "compartment_id": "ocid1.tenancy.oc1..aaaaaaaa3epwpfrm2lqzabu6lvt2dggy7mixxirw3o4x34s2y23rhh34n6oq",
            "id": "ObjectStorageNamespaceDataSource-997734323",
            "namespace": "ax01exxq0ilh"
          },
          "sensitive_attributes": []
        }
      ]
    },
    {
      "mode": "managed",
      "type": "oci_core_instance",
      "name": "vm01",
      "provider": "provider[\"registry.terraform.io/oracle/oci\"]",
      "instances": [
        {
          "schema_version": 0,
          "attributes": {
            "agent_config": [
              {
                "are_all_plugins_disabled": false,
                "is_management_disabled": false,
                "is_monitoring_disabled": false,
                "plugins_config": []
              }
            ],
            "async": null,
            "availability_config": [
              {
                "is_live_migration_preferred": false,
                "recovery_action": "RESTORE_INSTANCE"
              }
            ],
            "availability_domain": "Zjmp:US-CHICAGO-1-AD-2",
            "boot_volume_id": "ocid1.bootvolume.oc1.us-chicago-1.abxxeljtxdziwmkxbliizwrnxbygvaie6i3xovjcubk7m7dfxzbcmupanbuq",
            "capacity_reservation_id": null,
            "compartment_id": "ocid1.tenancy.oc1..aaaaaaaa3epwpfrm2lqzabu6lvt2dggy7mixxirw3o4x34s2y23rhh34n6oq",
            "compute_cluster_id": null,
            "create_vnic_details": [
              {
                "assign_ipv6ip": false,
                "assign_private_dns_record": false,
                "assign_public_ip": "true",
                "defined_tags": {
                  "Oracle-Tags.CreatedBy": "default/aaortiz@estudiantec.cr",
                  "Oracle-Tags.CreatedOn": "2023-09-28T23:17:56.607Z"
                },
                "display_name": "vm01",
                "freeform_tags": {
                  "Name": "vm01"
                },
                "hostname_label": "",
                "ipv6address_ipv6subnet_cidr_pair_details": [],
                "nsg_ids": [],
                "private_ip": "192.168.1.220",
                "skip_source_dest_check": false,
                "subnet_id": "ocid1.subnet.oc1.us-chicago-1.aaaaaaaamfmslckrndvravwrplvkqp2awjnlgmlkxxal4e7abxd4wlkahlwa",
                "vlan_id": ""
              }
            ],
            "dedicated_vm_host_id": null,
            "defined_tags": {
              "Oracle-Tags.CreatedBy": "default/aaortiz@estudiantec.cr",
              "Oracle-Tags.CreatedOn": "2023-09-28T23:17:56.525Z"
            },
            "display_name": "vm01",
            "extended_metadata": {},
            "fault_domain": "FAULT-DOMAIN-2",
            "freeform_tags": {
              "Name": "vm01"
            },
            "hostname_label": "",
            "id": "ocid1.instance.oc1.us-chicago-1.anxxeljt3m36ieacow3oezhorvxjcigbq24wx6gfksehfpdtgtaz5fcyhpkq",
            "image": "ocid1.image.oc1.us-chicago-1.aaaaaaaap4biqeyksmxjvjzegdptepxgoeny4e7spcrsktjlxgk5cvozzpqa",
            "instance_configuration_id": null,
            "instance_options": [
              {
                "are_legacy_imds_endpoints_disabled": false
              }
            ],
            "ipxe_script": null,
            "is_cross_numa_node": false,
            "is_pv_encryption_in_transit_enabled": null,
            "launch_mode": "PARAVIRTUALIZED",
            "launch_options": [
              {
                "boot_volume_type": "PARAVIRTUALIZED",
                "firmware": "UEFI_64",
                "is_consistent_volume_naming_enabled": true,
                "is_pv_encryption_in_transit_enabled": false,
                "network_type": "PARAVIRTUALIZED",
                "remote_data_volume_type": "PARAVIRTUALIZED"
              }
            ],
            "metadata": {
              "ssh_authorized_keys": "ssh-rsa AAAAB3NzaC1yc2EAAAADAQABAAABgQC93h5VVryfGTt307YdOr+LeN80L6/ecNMoxjWyT4UvnezaeNuw0wL5eniKxyzWR5okrHRMQfban8ePUbSBAn5PY/WMvmiFNkdKHEF3ouHGBh/ulA9oSRoTj4DDYIjnFrIzmGYMV3m/moHv6/7ulT3NeUmTjeyrVTz6HvZDuYNt2EiscRnymBADyvANvr37xeZcUanpR1c5ut7NI0hiGPhDF76HYIGded70GU48tKwZ3OGYaQ49Dq/n3xOAKujC9C0tmT5p9pjngOVNi8Fo0Xhz7MsjdrliRIoRWFNHlBP8AICinv6SxGaphC9yOEbvz3GmoktBk0XxCMBo7nkxWm6lw0gPriy22GVWHB4uxVr2TRwF3Yg+Atg3XXbgAiTuCiRr6feSfnO8MYgkYAEGcYlu2LsswL5CBg81FKA5VKUUoFyJZyUhSehDCqDCdAzjsYFvVRm1m5DzBtBq4YJ56SUOzFtFkazohzD8luZWk09nE8uKB+omPLRnhgnW60CxN2k= root@ubuntu-s-1vcpu-1gb-nyc3-01\r\n",
              "user_data": "H4sIAAAAAAAA/4xUXWvbQBB8F+g/bNUQUsrq3IeQ4pJCmvghUCeQtIFSSjndbeRtTnfHfaR2yY8viqPajY3bJ2lnhpk9aaRTZxPZhJ8WnsbQZZPYy5BEx3PS76Bx2WoZFsfV9Hw6+XD5+eLs5OpLVfQT3lCI7OwY3tSjsigLxHVRWfzxDtLGWwo4scpptu0YjhpOa4LH8ETzJOYYZ2RMVIF9Kospd7SR8/KFaNiKRsZZP0qfsKUE2WuZaDXjArJvg9R/Y2xjksaAZ7/CA3XunqDntVN3FGp2O1jUTu2ileu8i7RV4p3upMWlcqtCOZskWwp6Kx2y3RW+ooaTKomKQuJbVjJRBJWDgdZm3wIuNuXZ/mL/yAwIdjA6OjwE1CAoKSF9Ene0CGzbWBaPdngbrz/CLCUfx0Jo99MaJ3X99DCV64Rhm+ciN9mmLFrfwgNAf0HUJEPnAqDbtBdPDq1vy0LNOqdBvg7/0JGaOag0NfBVBjU7rvYOtL/ro3xgm7AHOZFKOdCrCiK3ljQ2i+Ndtt/++3RQ7R3UyxVdxECGZCTY34flXns3k6vr88uL76eXZ5OLk+mk6ndIsjFUwQMkotXxostBUawNx1TrYZt+gvcgNN0Lm415/g1sfa1DNWl1h8rwWttqdgPXZDZ6jt7klu2zVg9oH7Jk+kr25UAPb0fjw9FoBIhWdgTSc+ds60DK4KwLiX9wZ8UAb/41EMvidwAAAP//v1acSpQEAAA="
            },
            "platform_config": [],
            "preemptible_instance_config": [],
            "preserve_boot_volume": false,
            "private_ip": "192.168.1.220",
            "public_ip": "207.211.187.79",
            "region": "us-chicago-1",
            "shape": "VM.Standard.A1.Flex",
            "shape_config": [
              {
                "baseline_ocpu_utilization": "",
                "gpu_description": "",
                "gpus": 0,
                "local_disk_description": "",
                "local_disks": 0,
                "local_disks_total_size_in_gbs": 0,
                "max_vnic_attachments": 2,
                "memory_in_gbs": 6,
                "networking_bandwidth_in_gbps": 1,
                "nvmes": 0,
                "ocpus": 1,
                "processor_description": "3.0 GHz Ampere® Altra™",
                "vcpus": 1
              }
            ],
            "source_details": [
              {
                "boot_volume_size_in_gbs": "47",
                "boot_volume_vpus_per_gb": "10",
                "instance_source_image_filter_details": [],
                "kms_key_id": "",
                "source_id": "ocid1.image.oc1.us-chicago-1.aaaaaaaap4biqeyksmxjvjzegdptepxgoeny4e7spcrsktjlxgk5cvozzpqa",
                "source_type": "image"
              }
            ],
            "state": "RUNNING",
            "subnet_id": "ocid1.subnet.oc1.us-chicago-1.aaaaaaaamfmslckrndvravwrplvkqp2awjnlgmlkxxal4e7abxd4wlkahlwa",
            "system_tags": {},
            "time_created": "2023-09-28 23:17:56.801 +0000 UTC",
            "time_maintenance_reboot_due": "",
            "timeouts": null,
            "update_operation_constraint": null
          },
          "sensitive_attributes": [],
          "private": "eyJlMmJmYjczMC1lY2FhLTExZTYtOGY4OC0zNDM2M2JjN2M0YzAiOnsiY3JlYXRlIjoyNzAwMDAwMDAwMDAwLCJkZWxldGUiOjQ1MDAwMDAwMDAwMDAsInVwZGF0ZSI6MjcwMDAwMDAwMDAwMH19",
          "dependencies": [
            "data.cloudinit_config.vm01",
            "data.oci_identity_availability_domains.ads",
            "oci_core_internet_gateway.ig",
            "oci_core_route_table.public_rt",
            "oci_core_security_list.security_list",
            "oci_core_subnet.public",
            "oci_core_vcn.network"
          ]
        }
      ]
    },
    {
      "mode": "managed",
      "type": "oci_core_internet_gateway",
      "name": "ig",
      "provider": "provider[\"registry.terraform.io/oracle/oci\"]",
      "instances": [
        {
          "schema_version": 0,
          "attributes": {
            "compartment_id": "ocid1.tenancy.oc1..aaaaaaaa3epwpfrm2lqzabu6lvt2dggy7mixxirw3o4x34s2y23rhh34n6oq",
            "defined_tags": {
              "Oracle-Tags.CreatedBy": "default/aaortiz@estudiantec.cr",
              "Oracle-Tags.CreatedOn": "2023-09-28T23:17:54.428Z"
            },
            "display_name": "ig",
            "enabled": true,
            "freeform_tags": {
              "Name": "ig"
            },
            "id": "ocid1.internetgateway.oc1.us-chicago-1.aaaaaaaazo35as2k5x7naclrjmz7e5busxeemrkk6fjtnpvx4yfzx4jgkp7a",
            "route_table_id": null,
            "state": "AVAILABLE",
            "time_created": "2023-09-28 23:17:54.453 +0000 UTC",
            "timeouts": null,
            "vcn_id": "ocid1.vcn.oc1.us-chicago-1.amaaaaaa3m36ieaa2dzfpejbjmc6v2uqfryxenneuaff76ktbfrr3xrgfbma"
          },
          "sensitive_attributes": [],
          "private": "eyJlMmJmYjczMC1lY2FhLTExZTYtOGY4OC0zNDM2M2JjN2M0YzAiOnsiY3JlYXRlIjoxMjAwMDAwMDAwMDAwLCJkZWxldGUiOjEyMDAwMDAwMDAwMDAsInVwZGF0ZSI6MTIwMDAwMDAwMDAwMH19",
          "dependencies": [
            "oci_core_vcn.network"
          ]
        }
      ]
    },
    {
      "mode": "managed",
      "type": "oci_core_route_table",
      "name": "public_rt",
      "provider": "provider[\"registry.terraform.io/oracle/oci\"]",
      "instances": [
        {
          "schema_version": 0,
          "attributes": {
            "compartment_id": "ocid1.tenancy.oc1..aaaaaaaa3epwpfrm2lqzabu6lvt2dggy7mixxirw3o4x34s2y23rhh34n6oq",
            "defined_tags": {
              "Oracle-Tags.CreatedBy": "default/aaortiz@estudiantec.cr",
              "Oracle-Tags.CreatedOn": "2023-09-28T23:17:55.062Z"
            },
            "display_name": "public_rt",
            "freeform_tags": {
              "Name": "public_rt"
            },
            "id": "ocid1.routetable.oc1.us-chicago-1.aaaaaaaajvehxclkql2qadv6v2dkklcqrjfccvqm2m354f5plha3mevcqt3q",
            "route_rules": [
              {
                "cidr_block": "",
                "description": "",
                "destination": "0.0.0.0/0",
                "destination_type": "CIDR_BLOCK",
                "network_entity_id": "ocid1.internetgateway.oc1.us-chicago-1.aaaaaaaazo35as2k5x7naclrjmz7e5busxeemrkk6fjtnpvx4yfzx4jgkp7a",
                "route_type": ""
              }
            ],
            "state": "AVAILABLE",
            "time_created": "2023-09-28 23:17:55.075 +0000 UTC",
            "timeouts": null,
            "vcn_id": "ocid1.vcn.oc1.us-chicago-1.amaaaaaa3m36ieaa2dzfpejbjmc6v2uqfryxenneuaff76ktbfrr3xrgfbma"
          },
          "sensitive_attributes": [],
          "private": "eyJlMmJmYjczMC1lY2FhLTExZTYtOGY4OC0zNDM2M2JjN2M0YzAiOnsiY3JlYXRlIjoxMjAwMDAwMDAwMDAwLCJkZWxldGUiOjEyMDAwMDAwMDAwMDAsInVwZGF0ZSI6MTIwMDAwMDAwMDAwMH19",
          "dependencies": [
            "oci_core_internet_gateway.ig",
            "oci_core_vcn.network"
          ]
        }
      ]
    },
    {
      "mode": "managed",
      "type": "oci_core_route_table_attachment",
      "name": "public_rt_attachment",
      "provider": "provider[\"registry.terraform.io/oracle/oci\"]",
      "instances": [
        {
          "schema_version": 0,
          "attributes": {
            "id": "ocid1.subnet.oc1.us-chicago-1.aaaaaaaamfmslckrndvravwrplvkqp2awjnlgmlkxxal4e7abxd4wlkahlwa/ocid1.routetable.oc1.us-chicago-1.aaaaaaaajvehxclkql2qadv6v2dkklcqrjfccvqm2m354f5plha3mevcqt3q",
            "route_table_id": "ocid1.routetable.oc1.us-chicago-1.aaaaaaaajvehxclkql2qadv6v2dkklcqrjfccvqm2m354f5plha3mevcqt3q",
            "subnet_id": "ocid1.subnet.oc1.us-chicago-1.aaaaaaaamfmslckrndvravwrplvkqp2awjnlgmlkxxal4e7abxd4wlkahlwa",
            "timeouts": null
          },
          "sensitive_attributes": [],
          "private": "eyJlMmJmYjczMC1lY2FhLTExZTYtOGY4OC0zNDM2M2JjN2M0YzAiOnsiY3JlYXRlIjoxMjAwMDAwMDAwMDAwLCJkZWxldGUiOjEyMDAwMDAwMDAwMDAsInVwZGF0ZSI6MTIwMDAwMDAwMDAwMH19",
          "dependencies": [
            "oci_core_internet_gateway.ig",
            "oci_core_route_table.public_rt",
            "oci_core_security_list.security_list",
            "oci_core_subnet.public",
            "oci_core_vcn.network"
          ]
        }
      ]
    },
    {
      "mode": "managed",
      "type": "oci_core_security_list",
      "name": "security_list",
      "provider": "provider[\"registry.terraform.io/oracle/oci\"]",
      "instances": [
        {
          "schema_version": 0,
          "attributes": {
            "compartment_id": "ocid1.tenancy.oc1..aaaaaaaa3epwpfrm2lqzabu6lvt2dggy7mixxirw3o4x34s2y23rhh34n6oq",
            "defined_tags": {
              "Oracle-Tags.CreatedBy": "default/aaortiz@estudiantec.cr",
              "Oracle-Tags.CreatedOn": "2023-09-28T23:17:54.751Z"
            },
            "display_name": "security_list",
            "egress_security_rules": [
              {
                "description": "",
                "destination": "0.0.0.0/0",
                "destination_type": "CIDR_BLOCK",
                "icmp_options": [],
                "protocol": "all",
                "stateless": false,
                "tcp_options": [],
                "udp_options": []
              }
            ],
            "freeform_tags": {},
            "id": "ocid1.securitylist.oc1.us-chicago-1.aaaaaaaawvnuh2iavda2ybn3gazflr47dbvidfan6xlrxwxp63hdl3kw2mna",
            "ingress_security_rules": [
              {
                "description": "",
                "icmp_options": [],
                "protocol": "6",
                "source": "0.0.0.0/0",
                "source_type": "CIDR_BLOCK",
                "stateless": false,
                "tcp_options": [
                  {
                    "max": 22,
                    "min": 22,
                    "source_port_range": []
                  }
                ],
                "udp_options": []
              },
              {
                "description": "",
                "icmp_options": [],
                "protocol": "6",
                "source": "0.0.0.0/0",
                "source_type": "CIDR_BLOCK",
                "stateless": false,
                "tcp_options": [
                  {
                    "max": 443,
                    "min": 443,
                    "source_port_range": []
                  }
                ],
                "udp_options": []
              },
              {
                "description": "",
                "icmp_options": [],
                "protocol": "6",
                "source": "0.0.0.0/0",
                "source_type": "CIDR_BLOCK",
                "stateless": false,
                "tcp_options": [
                  {
                    "max": 80,
                    "min": 80,
                    "source_port_range": []
                  }
                ],
                "udp_options": []
              }
            ],
            "state": "AVAILABLE",
            "time_created": "2023-09-28 23:17:54.777 +0000 UTC",
            "timeouts": null,
            "vcn_id": "ocid1.vcn.oc1.us-chicago-1.amaaaaaa3m36ieaa2dzfpejbjmc6v2uqfryxenneuaff76ktbfrr3xrgfbma"
          },
          "sensitive_attributes": [],
          "private": "eyJlMmJmYjczMC1lY2FhLTExZTYtOGY4OC0zNDM2M2JjN2M0YzAiOnsiY3JlYXRlIjoxMjAwMDAwMDAwMDAwLCJkZWxldGUiOjEyMDAwMDAwMDAwMDAsInVwZGF0ZSI6MTIwMDAwMDAwMDAwMH19",
          "dependencies": [
            "oci_core_vcn.network"
          ]
        }
      ]
    },
    {
      "mode": "managed",
      "type": "oci_core_subnet",
      "name": "public",
      "provider": "provider[\"registry.terraform.io/oracle/oci\"]",
      "instances": [
        {
          "schema_version": 0,
          "attributes": {
            "availability_domain": null,
            "cidr_block": "192.168.1.0/24",
            "compartment_id": "ocid1.tenancy.oc1..aaaaaaaa3epwpfrm2lqzabu6lvt2dggy7mixxirw3o4x34s2y23rhh34n6oq",
            "defined_tags": {
              "Oracle-Tags.CreatedBy": "default/aaortiz@estudiantec.cr",
              "Oracle-Tags.CreatedOn": "2023-09-28T23:17:55.528Z"
            },
            "dhcp_options_id": "ocid1.dhcpoptions.oc1.us-chicago-1.aaaaaaaarsbj476u3ccqjp54i5w7ripwewtnnsofa4ode4manwsboeakzila",
            "display_name": "public",
            "dns_label": null,
            "freeform_tags": {
              "Name": "public"
            },
            "id": "ocid1.subnet.oc1.us-chicago-1.aaaaaaaamfmslckrndvravwrplvkqp2awjnlgmlkxxal4e7abxd4wlkahlwa",
            "ipv6cidr_block": null,
            "ipv6cidr_blocks": [],
            "ipv6virtual_router_ip": null,
            "prohibit_internet_ingress": false,
            "prohibit_public_ip_on_vnic": false,
            "route_table_id": "ocid1.routetable.oc1.us-chicago-1.aaaaaaaajvehxclkql2qadv6v2dkklcqrjfccvqm2m354f5plha3mevcqt3q",
            "security_list_ids": [
              "ocid1.securitylist.oc1.us-chicago-1.aaaaaaaawvnuh2iavda2ybn3gazflr47dbvidfan6xlrxwxp63hdl3kw2mna"
            ],
            "state": "AVAILABLE",
            "subnet_domain_name": null,
            "time_created": "2023-09-28 23:17:55.564 +0000 UTC",
            "timeouts": null,
            "vcn_id": "ocid1.vcn.oc1.us-chicago-1.amaaaaaa3m36ieaa2dzfpejbjmc6v2uqfryxenneuaff76ktbfrr3xrgfbma",
            "virtual_router_ip": "192.168.1.1",
            "virtual_router_mac": "00:00:17:E3:F0:8C"
          },
          "sensitive_attributes": [],
          "private": "eyJlMmJmYjczMC1lY2FhLTExZTYtOGY4OC0zNDM2M2JjN2M0YzAiOnsiY3JlYXRlIjoxMjAwMDAwMDAwMDAwLCJkZWxldGUiOjEyMDAwMDAwMDAwMDAsInVwZGF0ZSI6MTIwMDAwMDAwMDAwMH19",
          "dependencies": [
            "oci_core_internet_gateway.ig",
            "oci_core_route_table.public_rt",
            "oci_core_security_list.security_list",
            "oci_core_vcn.network"
          ]
        }
      ]
    },
    {
      "mode": "managed",
      "type": "oci_core_vcn",
      "name": "network",
      "provider": "provider[\"registry.terraform.io/oracle/oci\"]",
      "instances": [
        {
          "schema_version": 0,
          "attributes": {
            "byoipv6cidr_blocks": [],
            "byoipv6cidr_details": null,
            "cidr_block": "192.168.0.0/16",
            "cidr_blocks": [
              "192.168.0.0/16"
            ],
            "compartment_id": "ocid1.tenancy.oc1..aaaaaaaa3epwpfrm2lqzabu6lvt2dggy7mixxirw3o4x34s2y23rhh34n6oq",
            "default_dhcp_options_id": "ocid1.dhcpoptions.oc1.us-chicago-1.aaaaaaaarsbj476u3ccqjp54i5w7ripwewtnnsofa4ode4manwsboeakzila",
            "default_route_table_id": "ocid1.routetable.oc1.us-chicago-1.aaaaaaaandmqcv47fy57mr4khpslvnn7ieij3wrueo2prnf2qjfasaiihfaq",
            "default_security_list_id": "ocid1.securitylist.oc1.us-chicago-1.aaaaaaaasmiw3o7ojcigcxujlua3z5535unlw7uldyuv2cou2bpsfkv4dbda",
            "defined_tags": {
              "Oracle-Tags.CreatedBy": "default/aaortiz@estudiantec.cr",
              "Oracle-Tags.CreatedOn": "2023-09-28T23:17:53.785Z"
            },
            "display_name": "network",
            "dns_label": null,
            "freeform_tags": {
              "Name": "tec"
            },
            "id": "ocid1.vcn.oc1.us-chicago-1.amaaaaaa3m36ieaa2dzfpejbjmc6v2uqfryxenneuaff76ktbfrr3xrgfbma",
            "ipv6cidr_blocks": [],
            "ipv6private_cidr_blocks": [],
            "is_ipv6enabled": false,
            "is_oracle_gua_allocation_enabled": null,
            "state": "AVAILABLE",
            "time_created": "2023-09-28 23:17:53.827 +0000 UTC",
            "timeouts": null,
            "vcn_domain_name": null
          },
          "sensitive_attributes": [],
          "private": "eyJlMmJmYjczMC1lY2FhLTExZTYtOGY4OC0zNDM2M2JjN2M0YzAiOnsiY3JlYXRlIjoxMjAwMDAwMDAwMDAwLCJkZWxldGUiOjEyMDAwMDAwMDAwMDAsInVwZGF0ZSI6MTIwMDAwMDAwMDAwMH19"
        }
      ]
    },
    {
      "mode": "managed",
      "type": "oci_database_autonomous_database",
      "name": "autonomous_database",
      "provider": "provider[\"registry.terraform.io/oracle/oci\"]",
      "instances": [
        {
          "schema_version": 0,
          "attributes": {
            "actual_used_data_storage_size_in_tbs": 0,
            "admin_password": "thisiswrongNereo08",
            "allocated_storage_size_in_tbs": 0,
            "apex_details": [
              {
                "apex_version": "",
                "ords_version": "23.2.3.242.1937"
              }
            ],
            "are_primary_whitelisted_ips_used": null,
            "autonomous_container_database_id": null,
            "autonomous_database_backup_id": null,
            "autonomous_database_id": null,
            "autonomous_maintenance_schedule_type": "REGULAR",
            "available_upgrade_versions": [],
            "backup_config": [
              {
                "manual_backup_bucket_name": "",
                "manual_backup_type": "NONE"
              }
            ],
            "backup_retention_period_in_days": 60,
            "character_set": "AL32UTF8",
            "clone_type": null,
            "compartment_id": "ocid1.tenancy.oc1..aaaaaaaa3epwpfrm2lqzabu6lvt2dggy7mixxirw3o4x34s2y23rhh34n6oq",
            "compute_count": 1,
            "compute_model": "ECPU",
            "connection_strings": [
              {
                "all_connection_strings": {
                  "HIGH": "adb.us-chicago-1.oraclecloud.com:1522/gd72ea22cc39bd2_ic4302_high.adb.oraclecloud.com",
                  "LOW": "adb.us-chicago-1.oraclecloud.com:1522/gd72ea22cc39bd2_ic4302_low.adb.oraclecloud.com",
                  "MEDIUM": "adb.us-chicago-1.oraclecloud.com:1522/gd72ea22cc39bd2_ic4302_medium.adb.oraclecloud.com",
                  "TP": "adb.us-chicago-1.oraclecloud.com:1522/gd72ea22cc39bd2_ic4302_tp.adb.oraclecloud.com",
                  "TPURGENT": "adb.us-chicago-1.oraclecloud.com:1522/gd72ea22cc39bd2_ic4302_tpurgent.adb.oraclecloud.com"
                },
                "dedicated": "",
                "high": "adb.us-chicago-1.oraclecloud.com:1522/gd72ea22cc39bd2_ic4302_high.adb.oraclecloud.com",
                "low": "adb.us-chicago-1.oraclecloud.com:1522/gd72ea22cc39bd2_ic4302_low.adb.oraclecloud.com",
                "medium": "adb.us-chicago-1.oraclecloud.com:1522/gd72ea22cc39bd2_ic4302_medium.adb.oraclecloud.com",
                "profiles": [
                  {
                    "consumer_group": "HIGH",
                    "display_name": "ic4302_high",
                    "host_format": "FQDN",
                    "protocol": "TCPS",
                    "session_mode": "DIRECT",
                    "syntax_format": "LONG",
                    "tls_authentication": "SERVER",
                    "value": "(description= (retry_count=20)(retry_delay=3)(address=(protocol=tcps)(port=1521)(host=adb.us-chicago-1.oraclecloud.com))(connect_data=(service_name=gd72ea22cc39bd2_ic4302_high.adb.oraclecloud.com))(security=(ssl_server_dn_match=yes)))"
                  },
                  {
                    "consumer_group": "LOW",
                    "display_name": "ic4302_low",
                    "host_format": "FQDN",
                    "protocol": "TCPS",
                    "session_mode": "DIRECT",
                    "syntax_format": "LONG",
                    "tls_authentication": "SERVER",
                    "value": "(description= (retry_count=20)(retry_delay=3)(address=(protocol=tcps)(port=1521)(host=adb.us-chicago-1.oraclecloud.com))(connect_data=(service_name=gd72ea22cc39bd2_ic4302_low.adb.oraclecloud.com))(security=(ssl_server_dn_match=yes)))"
                  },
                  {
                    "consumer_group": "MEDIUM",
                    "display_name": "ic4302_medium",
                    "host_format": "FQDN",
                    "protocol": "TCPS",
                    "session_mode": "DIRECT",
                    "syntax_format": "LONG",
                    "tls_authentication": "SERVER",
                    "value": "(description= (retry_count=20)(retry_delay=3)(address=(protocol=tcps)(port=1521)(host=adb.us-chicago-1.oraclecloud.com))(connect_data=(service_name=gd72ea22cc39bd2_ic4302_medium.adb.oraclecloud.com))(security=(ssl_server_dn_match=yes)))"
                  },
                  {
                    "consumer_group": "TP",
                    "display_name": "ic4302_tp",
                    "host_format": "FQDN",
                    "protocol": "TCPS",
                    "session_mode": "DIRECT",
                    "syntax_format": "LONG",
                    "tls_authentication": "SERVER",
                    "value": "(description= (retry_count=20)(retry_delay=3)(address=(protocol=tcps)(port=1521)(host=adb.us-chicago-1.oraclecloud.com))(connect_data=(service_name=gd72ea22cc39bd2_ic4302_tp.adb.oraclecloud.com))(security=(ssl_server_dn_match=yes)))"
                  },
                  {
                    "consumer_group": "TPURGENT",
                    "display_name": "ic4302_tpurgent",
                    "host_format": "FQDN",
                    "protocol": "TCPS",
                    "session_mode": "DIRECT",
                    "syntax_format": "LONG",
                    "tls_authentication": "SERVER",
                    "value": "(description= (retry_count=20)(retry_delay=3)(address=(protocol=tcps)(port=1521)(host=adb.us-chicago-1.oraclecloud.com))(connect_data=(service_name=gd72ea22cc39bd2_ic4302_tpurgent.adb.oraclecloud.com))(security=(ssl_server_dn_match=yes)))"
                  },
                  {
                    "consumer_group": "HIGH",
                    "display_name": "ic4302_high",
                    "host_format": "FQDN",
                    "protocol": "TCPS",
                    "session_mode": "DIRECT",
                    "syntax_format": "LONG",
                    "tls_authentication": "MUTUAL",
                    "value": "(description= (retry_count=20)(retry_delay=3)(address=(protocol=tcps)(port=1522)(host=adb.us-chicago-1.oraclecloud.com))(connect_data=(service_name=gd72ea22cc39bd2_ic4302_high.adb.oraclecloud.com))(security=(ssl_server_dn_match=yes)))"
                  },
                  {
                    "consumer_group": "LOW",
                    "display_name": "ic4302_low",
                    "host_format": "FQDN",
                    "protocol": "TCPS",
                    "session_mode": "DIRECT",
                    "syntax_format": "LONG",
                    "tls_authentication": "MUTUAL",
                    "value": "(description= (retry_count=20)(retry_delay=3)(address=(protocol=tcps)(port=1522)(host=adb.us-chicago-1.oraclecloud.com))(connect_data=(service_name=gd72ea22cc39bd2_ic4302_low.adb.oraclecloud.com))(security=(ssl_server_dn_match=yes)))"
                  },
                  {
                    "consumer_group": "MEDIUM",
                    "display_name": "ic4302_medium",
                    "host_format": "FQDN",
                    "protocol": "TCPS",
                    "session_mode": "DIRECT",
                    "syntax_format": "LONG",
                    "tls_authentication": "MUTUAL",
                    "value": "(description= (retry_count=20)(retry_delay=3)(address=(protocol=tcps)(port=1522)(host=adb.us-chicago-1.oraclecloud.com))(connect_data=(service_name=gd72ea22cc39bd2_ic4302_medium.adb.oraclecloud.com))(security=(ssl_server_dn_match=yes)))"
                  },
                  {
                    "consumer_group": "TP",
                    "display_name": "ic4302_tp",
                    "host_format": "FQDN",
                    "protocol": "TCPS",
                    "session_mode": "DIRECT",
                    "syntax_format": "LONG",
                    "tls_authentication": "MUTUAL",
                    "value": "(description= (retry_count=20)(retry_delay=3)(address=(protocol=tcps)(port=1522)(host=adb.us-chicago-1.oraclecloud.com))(connect_data=(service_name=gd72ea22cc39bd2_ic4302_tp.adb.oraclecloud.com))(security=(ssl_server_dn_match=yes)))"
                  },
                  {
                    "consumer_group": "TPURGENT",
                    "display_name": "ic4302_tpurgent",
                    "host_format": "FQDN",
                    "protocol": "TCPS",
                    "session_mode": "DIRECT",
                    "syntax_format": "LONG",
                    "tls_authentication": "MUTUAL",
                    "value": "(description= (retry_count=20)(retry_delay=3)(address=(protocol=tcps)(port=1522)(host=adb.us-chicago-1.oraclecloud.com))(connect_data=(service_name=gd72ea22cc39bd2_ic4302_tpurgent.adb.oraclecloud.com))(security=(ssl_server_dn_match=yes)))"
                  }
                ]
              }
            ],
            "connection_urls": [
              {
                "apex_url": "https://GD72EA22CC39BD2-IC4302.adb.us-chicago-1.oraclecloudapps.com/ords/apex",
                "graph_studio_url": "https://GD72EA22CC39BD2-IC4302.adb.us-chicago-1.oraclecloudapps.com/graphstudio/",
                "machine_learning_user_management_url": "https://GD72EA22CC39BD2-IC4302.adb.us-chicago-1.oraclecloudapps.com/omlusers/",
                "sql_dev_web_url": "https://GD72EA22CC39BD2-IC4302.adb.us-chicago-1.oraclecloudapps.com/ords/sql-developer"
              }
            ],
            "cpu_core_count": 0,
            "customer_contacts": [],
            "data_safe_status": "NOT_REGISTERED",
            "data_storage_size_in_gb": 20,
            "data_storage_size_in_tbs": null,
            "database_edition": "",
            "database_management_status": "",
            "dataguard_region_type": "",
            "db_name": "ic4302",
            "db_version": "19c",
            "db_workload": "OLTP",
            "defined_tags": {
              "Oracle-Tags.CreatedBy": "default/aaortiz@estudiantec.cr",
              "Oracle-Tags.CreatedOn": "2023-09-28T23:20:24.619Z"
            },
            "disaster_recovery_region_type": "",
            "display_name": "NSOKMBZLAMVRYAN3",
            "failed_data_recovery_in_seconds": null,
            "freeform_tags": {},
            "id": "ocid1.autonomousdatabase.oc1.us-chicago-1.anxxeljs3m36ieaauq7dil2ldmswsgtefd6jvz75iojxzywjndmorozqgj6q",
            "in_memory_area_in_gbs": null,
            "in_memory_percentage": null,
            "infrastructure_type": "",
            "is_access_control_enabled": null,
            "is_auto_scaling_enabled": false,
            "is_auto_scaling_for_storage_enabled": false,
            "is_data_guard_enabled": false,
            "is_dedicated": false,
            "is_free_tier": true,
            "is_local_data_guard_enabled": false,
            "is_mtls_connection_required": false,
            "is_preview": false,
            "is_preview_version_with_service_terms_accepted": null,
            "is_reconnect_clone_enabled": null,
            "is_refreshable_clone": null,
            "is_remote_data_guard_enabled": false,
            "is_shrink_only": null,
            "key_history_entry": [
              {
                "id": "ORACLE_MANAGED_KEY",
                "kms_key_version_id": "",
                "time_activated": "2023-09-28 23:20:56.493 +0000 UTC",
                "vault_id": ""
              }
            ],
            "key_store_id": null,
            "key_store_wallet_name": null,
            "kms_key_id": "ORACLE_MANAGED_KEY",
            "kms_key_lifecycle_details": null,
            "kms_key_version_id": null,
            "license_model": "LICENSE_INCLUDED",
            "lifecycle_details": null,
            "local_adg_auto_failover_max_data_loss_limit": null,
            "local_disaster_recovery_type": "",
            "local_standby_db": [],
            "long_term_backup_schedule": [],
            "max_cpu_core_count": null,
            "memory_per_oracle_compute_unit_in_gbs": null,
            "ncharacter_set": "AL16UTF16",
            "next_long_term_backup_time_stamp": null,
            "nsg_ids": [],
            "ocpu_count": null,
            "open_mode": "READ_WRITE",
            "operations_insights_status": "NOT_ENABLED",
            "peer_db_ids": [],
            "permission_level": "UNRESTRICTED",
            "private_endpoint": null,
            "private_endpoint_ip": null,
            "private_endpoint_label": null,
            "provisionable_cpus": [],
            "refreshable_mode": null,
            "refreshable_status": "",
            "remote_disaster_recovery_configuration": [],
            "remote_disaster_recovery_type": null,
            "role": "",
            "rotate_key_trigger": null,
            "scheduled_operations": [],
            "secret_id": null,
            "secret_version_number": null,
            "service_console_url": null,
            "source": null,
            "source_id": null,
            "standby_db": [],
            "standby_whitelisted_ips": [],
            "state": "AVAILABLE",
            "subnet_id": null,
            "supported_regions_to_clone_to": [
              "IAD"
            ],
            "switchover_to": null,
            "switchover_to_remote_peer_id": null,
            "system_tags": {
              "orcl-cloud.free-tier-retained": "true"
            },
            "time_created": "2023-09-28 23:20:24.637 +0000 UTC",
            "time_data_guard_role_changed": null,
            "time_deletion_of_free_autonomous_database": null,
            "time_disaster_recovery_role_changed": null,
            "time_local_data_guard_enabled": null,
            "time_maintenance_begin": "2023-09-30 04:00:00 +0000 UTC",
            "time_maintenance_end": "2023-09-30 06:00:00 +0000 UTC",
            "time_of_last_failover": null,
            "time_of_last_refresh": null,
            "time_of_last_refresh_point": null,
            "time_of_last_switchover": null,
            "time_of_next_refresh": null,
            "time_reclamation_of_free_autonomous_database": null,
            "time_until_reconnect_clone_enabled": null,
            "timeouts": null,
            "timestamp": null,
            "total_backup_storage_size_in_gbs": null,
            "use_latest_available_backup_time_stamp": null,
            "used_data_storage_size_in_gbs": null,
            "used_data_storage_size_in_tbs": null,
            "vault_id": null,
            "whitelisted_ips": [
              "207.211.187.79"
            ]
          },
          "sensitive_attributes": [],
          "private": "eyJlMmJmYjczMC1lY2FhLTExZTYtOGY4OC0zNDM2M2JjN2M0YzAiOnsiY3JlYXRlIjo0MzIwMDAwMDAwMDAwMCwiZGVsZXRlIjo0MzIwMDAwMDAwMDAwMCwidXBkYXRlIjo0MzIwMDAwMDAwMDAwMH19",
          "dependencies": [
            "data.cloudinit_config.vm01",
            "data.oci_identity_availability_domains.ads",
            "oci_core_instance.vm01",
            "oci_core_internet_gateway.ig",
            "oci_core_route_table.public_rt",
            "oci_core_security_list.security_list",
            "oci_core_subnet.public",
            "oci_core_vcn.network"
          ]
        }
      ]
    },
    {
      "mode": "managed",
      "type": "oci_nosql_table",
      "name": "logs_table",
      "provider": "provider[\"registry.terraform.io/oracle/oci\"]",
      "instances": [
        {
          "schema_version": 0,
          "attributes": {
            "compartment_id": "ocid1.tenancy.oc1..aaaaaaaa3epwpfrm2lqzabu6lvt2dggy7mixxirw3o4x34s2y23rhh34n6oq",
            "ddl_statement": "CREATE TABLE if not exists ic4302_logs (logId INTEGER, title STRING, bagInfo JSON, PRIMARY KEY (logId))",
            "defined_tags": {
              "Oracle-Tags.CreatedBy": "default/aaortiz@estudiantec.cr",
              "Oracle-Tags.CreatedOn": "2023-09-28T23:17:53.786Z"
            },
            "freeform_tags": {},
            "id": "ocid1.nosqltable.oc1.us-chicago-1.amaaaaaa3m36ieaab6ensqi3hugx655vtzx6tz5gikcrkrauiqamcnpmftzq",
            "is_auto_reclaimable": false,
            "lifecycle_details": "The resource is ACTIVE",
            "name": "ic4302_logs",
            "schema": [
              {
                "columns": [
                  {
                    "default_value": "",
                    "is_as_uuid": false,
                    "is_generated": false,
                    "is_nullable": false,
                    "name": "logId",
                    "type": "INTEGER"
                  },
                  {
                    "default_value": "",
                    "is_as_uuid": false,
                    "is_generated": false,
                    "is_nullable": true,
                    "name": "title",
                    "type": "STRING"
                  },
                  {
                    "default_value": "",
                    "is_as_uuid": false,
                    "is_generated": false,
                    "is_nullable": true,
                    "name": "bagInfo",
                    "type": "JSON"
                  }
                ],
                "identity": [],
                "primary_key": [
                  "logId"
                ],
                "shard_key": [
                  "logId"
                ],
                "ttl": 0
              }
            ],
            "state": "ACTIVE",
            "system_tags": {},
            "table_limits": [
              {
                "capacity_mode": "PROVISIONED",
                "max_read_units": 1,
                "max_storage_in_gbs": 1,
                "max_write_units": 1
              }
            ],
            "time_created": "2023-09-28 23:17:54.369 +0000 UTC",
            "time_of_expiration": null,
            "time_updated": "2023-09-28 23:17:55.361 +0000 UTC",
            "timeouts": null
          },
          "sensitive_attributes": [],
          "private": "eyJlMmJmYjczMC1lY2FhLTExZTYtOGY4OC0zNDM2M2JjN2M0YzAiOnsiY3JlYXRlIjoxMjAwMDAwMDAwMDAwLCJkZWxldGUiOjEyMDAwMDAwMDAwMDAsInVwZGF0ZSI6MTIwMDAwMDAwMDAwMH19"
        }
      ]
    },
    {
      "mode": "managed",
      "type": "oci_objectstorage_bucket",
      "name": "bucket",
      "provider": "provider[\"registry.terraform.io/oracle/oci\"]",
      "instances": [
        {
          "schema_version": 0,
          "attributes": {
            "access_type": "NoPublicAccess",
            "approximate_count": "0",
            "approximate_size": "0",
            "auto_tiering": "Disabled",
            "bucket_id": "ocid1.bucket.oc1.us-chicago-1.aaaaaaaact7n52kfuscyusvwvleqwqax256gzbfztspkmslg2v3j43fofzkq",
            "compartment_id": "ocid1.tenancy.oc1..aaaaaaaa3epwpfrm2lqzabu6lvt2dggy7mixxirw3o4x34s2y23rhh34n6oq",
            "created_by": "ocid1.user.oc1..aaaaaaaawyygyja6timgy2wvdb5v7kok7d5jmjsoktyxh2ciulip5hnvmomq",
            "defined_tags": {
              "Oracle-Tags.CreatedBy": "default/aaortiz@estudiantec.cr",
              "Oracle-Tags.CreatedOn": "2023-09-28T23:17:53.864Z"
            },
            "etag": "c62e7b1b-bc8c-49b8-8583-042e4516f643",
            "freeform_tags": {},
            "id": "n/ax01exxq0ilh/b/aaron",
            "is_read_only": false,
            "kms_key_id": null,
            "metadata": null,
            "name": "aaron",
            "namespace": "ax01exxq0ilh",
            "object_events_enabled": false,
            "object_lifecycle_policy_etag": null,
            "replication_enabled": false,
            "retention_rules": [],
            "storage_tier": "Standard",
            "time_created": "2023-09-28 23:17:53.87 +0000 UTC",
            "timeouts": null,
            "versioning": "Disabled"
          },
          "sensitive_attributes": [],
          "private": "eyJlMmJmYjczMC1lY2FhLTExZTYtOGY4OC0zNDM2M2JjN2M0YzAiOnsiY3JlYXRlIjoxMjAwMDAwMDAwMDAwLCJkZWxldGUiOjEyMDAwMDAwMDAwMDAsInVwZGF0ZSI6MTIwMDAwMDAwMDAwMH19",
          "dependencies": [
            "data.oci_objectstorage_namespace.namespace"
          ]
        }
      ]
    }
  ],
  "check_results": null
}
