{
  "version": 4,
  "terraform_version": "1.5.7",
  "serial": 344,
  "lineage": "c9accc38-e937-17a2-e6aa-e3739da24c16",
  "outputs": {
    "vm01_connect": {
      "value": "ssh -i ssh/db2 ubuntu@164.152.16.177",
      "type": "string"
    }
  },
  "resources": [
    {
      "mode": "data",
      "type": "cloudinit_config",
      "name": "vm01",
      "provider": "provider[\"registry.terraform.io/hashicorp/cloudinit\"]",
      "instances": [
        {
          "schema_version": 0,
          "attributes": {
            "base64_encode": true,
            "boundary": "MIMEBOUNDARY",
            "gzip": true,
            "id": "2675777729",
            "part": [
              {
                "content": "#!/bin/bash\r\n\r\napt-get update\r\napt-get -y upgrade\r\napt-get -y install pip\r\napt-get remove  -y docker.io\r\napt-get remove  -y docker-doc\r\napt-get remove  -y docker-compose\r\napt-get remove  -y podman-docker\r\napt-get remove  -y containerd\r\napt-get remove  -y runc\r\napt-get remove  -y docker\r\napt-get install ca-certificates curl gnupg -y\r\napt-get install unzip -y\r\ninstall -m 0755 -d /etc/apt/keyrings\r\ncurl -fsSL https://download.docker.com/linux/ubuntu/gpg |  gpg --dearmor -o /etc/apt/keyrings/docker.gpg\r\nchmod a+r /etc/apt/keyrings/docker.gpg\r\necho \"deb [arch=\"$(dpkg --print-architecture)\" signed-by=/etc/apt/keyrings/docker.gpg] https://download.docker.com/linux/ubuntu \"$(. /etc/os-release \u0026\u0026 echo \"$VERSION_CODENAME\")\" stable\" | tee /etc/apt/sources.list.d/docker.list \u003e /dev/null\r\napt-get update -y\r\napt-get install docker-ce docker-ce-cli containerd.io docker-buildx-plugin docker-compose-plugin -y\r\ndocker run -d -p 80:5000 --name apimongo aaronortijimn/apimongo\r\n",
                "content_type": "text/x-shellscript",
                "filename": null,
                "merge_type": null
              }
            ],
            "rendered": "H4sIAAAAAAAA/4xUXWvbQBB8F+g/bNUQUsrq3IeQ4pJCmvghUCeQtIFSSjndbeRtTnfHfaR2yY8viqPajY3bJ2lnhpk9aaRTZxPZhJ8WnsbQZZPYy5BEx3PS76Bx2WoZFsfV9Hw6+XD5+eLs5OpLVfQT3lCI7OwY3tSjsigLxHVRWfzxDtLGWwo4scpptu0YjhpOa4LH8ETzJOYYZ2RMVIF9Kospd7SR8/KFaNiKRsZZP0qfsKUE2WuZaDXjArJvg9R/Y2xjksaAZ7/CA3XunqDntVN3FGp2O1jUTu2ileu8i7RV4p3upMWlcqtCOZskWwp6Kx2y3RW+ooaTKomKQuJbVjJRBJWDgdZm3wIuNuXZ/mL/yAwIdjA6OjwE1CAoKSF9Ene0CGzbWBaPdngbrz/CLCUfx0Jo99MaJ3X99DCV64Rhm+ciN9mmLFrfwgNAf0HUJEPnAqDbtBdPDq1vy0LNOqdBvg7/0JGaOag0NfBVBjU7rvYOtL/ro3xgm7AHOZFKOdCrCiK3ljQ2i+Ndtt/++3RQ7R3UyxVdxECGZCTY34flXns3k6vr88uL76eXZ5OLk+mk6ndIsjFUwQMkotXxostBUawNx1TrYZt+gvcgNN0Lm415/g1sfa1DNWl1h8rwWttqdgPXZDZ6jt7klu2zVg9oH7Jk+kr25UAPb0fjw9FoBIhWdgTSc+ds60DK4KwLiX9wZ8UAb/41EMvidwAAAP//v1acSpQEAAA="
          },
          "sensitive_attributes": []
        }
      ]
    },
    {
      "mode": "data",
      "type": "oci_identity_availability_domains",
      "name": "ads",
      "provider": "provider[\"registry.terraform.io/oracle/oci\"]",
      "instances": [
        {
          "schema_version": 0,
          "attributes": {
            "availability_domains": [
              {
                "compartment_id": "ocid1.tenancy.oc1..aaaaaaaa3epwpfrm2lqzabu6lvt2dggy7mixxirw3o4x34s2y23rhh34n6oq",
                "id": "ocid1.availabilitydomain.oc1..aaaaaaaaag25rxkuwv76f77a57wz5h4a4pkm545dam4ndohfge25sffw5p3a",
                "name": "Zjmp:US-CHICAGO-1-AD-1"
              },
              {
                "compartment_id": "ocid1.tenancy.oc1..aaaaaaaa3epwpfrm2lqzabu6lvt2dggy7mixxirw3o4x34s2y23rhh34n6oq",
                "id": "ocid1.availabilitydomain.oc1..aaaaaaaaax7k6s6cmu2faw5rbjobhjhvevgqtrbz7s4epy5g4j2nxsw7q4mq",
                "name": "Zjmp:US-CHICAGO-1-AD-2"
              },
              {
                "compartment_id": "ocid1.tenancy.oc1..aaaaaaaa3epwpfrm2lqzabu6lvt2dggy7mixxirw3o4x34s2y23rhh34n6oq",
                "id": "ocid1.availabilitydomain.oc1..aaaaaaaave3zavc6gqeces7x4s4kwoqvyuszk4uiaee3lcma4cq4jb4gmx5q",
                "name": "Zjmp:US-CHICAGO-1-AD-3"
              }
            ],
            "compartment_id": "ocid1.tenancy.oc1..aaaaaaaa3epwpfrm2lqzabu6lvt2dggy7mixxirw3o4x34s2y23rhh34n6oq",
            "filter": null,
            "id": "IdentityAvailabilityDomainsDataSource-997734323"
          },
          "sensitive_attributes": []
        }
      ]
    },
    {
      "mode": "data",
      "type": "oci_objectstorage_namespace",
      "name": "namespace",
      "provider": "provider[\"registry.terraform.io/oracle/oci\"]",
      "instances": [
        {
          "schema_version": 0,
          "attributes": {
            "compartment_id": "ocid1.tenancy.oc1..aaaaaaaa3epwpfrm2lqzabu6lvt2dggy7mixxirw3o4x34s2y23rhh34n6oq",
            "id": "ObjectStorageNamespaceDataSource-997734323",
            "namespace": "ax01exxq0ilh"
          },
          "sensitive_attributes": []
        }
      ]
    },
    {
      "mode": "managed",
      "type": "oci_core_instance",
      "name": "vm01",
      "provider": "provider[\"registry.terraform.io/oracle/oci\"]",
      "instances": [
        {
          "schema_version": 0,
          "attributes": {
            "agent_config": [
              {
                "are_all_plugins_disabled": false,
                "is_management_disabled": false,
                "is_monitoring_disabled": false,
                "plugins_config": []
              }
            ],
            "async": null,
            "availability_config": [
              {
                "is_live_migration_preferred": false,
                "recovery_action": "RESTORE_INSTANCE"
              }
            ],
            "availability_domain": "Zjmp:US-CHICAGO-1-AD-2",
            "boot_volume_id": "ocid1.bootvolume.oc1.us-chicago-1.abxxeljt7rkxziv6rznpfxp6hyxhvabzjica6k53fqemr5vprrroh545dtsq",
            "capacity_reservation_id": null,
            "compartment_id": "ocid1.tenancy.oc1..aaaaaaaa3epwpfrm2lqzabu6lvt2dggy7mixxirw3o4x34s2y23rhh34n6oq",
            "compute_cluster_id": null,
            "create_vnic_details": [
              {
                "assign_ipv6ip": false,
                "assign_private_dns_record": false,
                "assign_public_ip": "true",
                "defined_tags": {
                  "Oracle-Tags.CreatedBy": "default/aaortiz@estudiantec.cr",
                  "Oracle-Tags.CreatedOn": "2023-09-26T04:49:24.532Z"
                },
                "display_name": "vm01",
                "freeform_tags": {
                  "Name": "vm01"
                },
                "hostname_label": "",
                "ipv6address_ipv6subnet_cidr_pair_details": [],
                "nsg_ids": [],
                "private_ip": "192.168.1.155",
                "skip_source_dest_check": false,
                "subnet_id": "ocid1.subnet.oc1.us-chicago-1.aaaaaaaaihnydaeetclr46z53tj5dujdzaqmviszdrhuecwkfxlyvxeirwwq",
                "vlan_id": ""
              }
            ],
            "dedicated_vm_host_id": null,
            "defined_tags": {
              "Oracle-Tags.CreatedBy": "default/aaortiz@estudiantec.cr",
              "Oracle-Tags.CreatedOn": "2023-09-26T04:49:24.464Z"
            },
            "display_name": "vm01",
            "extended_metadata": {},
            "fault_domain": "FAULT-DOMAIN-2",
            "freeform_tags": {
              "Name": "vm01"
            },
            "hostname_label": "",
            "id": "ocid1.instance.oc1.us-chicago-1.anxxeljt3m36ieacdt2c3o2vxviep5gox4p4meuo6sdgehhz5vffksi5xz5a",
            "image": "ocid1.image.oc1.us-chicago-1.aaaaaaaap4biqeyksmxjvjzegdptepxgoeny4e7spcrsktjlxgk5cvozzpqa",
            "instance_configuration_id": null,
            "instance_options": [
              {
                "are_legacy_imds_endpoints_disabled": false
              }
            ],
            "ipxe_script": null,
            "is_cross_numa_node": false,
            "is_pv_encryption_in_transit_enabled": null,
            "launch_mode": "PARAVIRTUALIZED",
            "launch_options": [
              {
                "boot_volume_type": "PARAVIRTUALIZED",
                "firmware": "UEFI_64",
                "is_consistent_volume_naming_enabled": true,
                "is_pv_encryption_in_transit_enabled": false,
                "network_type": "PARAVIRTUALIZED",
                "remote_data_volume_type": "PARAVIRTUALIZED"
              }
            ],
            "metadata": {
              "ssh_authorized_keys": "ssh-rsa AAAAB3NzaC1yc2EAAAADAQABAAABgQC93h5VVryfGTt307YdOr+LeN80L6/ecNMoxjWyT4UvnezaeNuw0wL5eniKxyzWR5okrHRMQfban8ePUbSBAn5PY/WMvmiFNkdKHEF3ouHGBh/ulA9oSRoTj4DDYIjnFrIzmGYMV3m/moHv6/7ulT3NeUmTjeyrVTz6HvZDuYNt2EiscRnymBADyvANvr37xeZcUanpR1c5ut7NI0hiGPhDF76HYIGded70GU48tKwZ3OGYaQ49Dq/n3xOAKujC9C0tmT5p9pjngOVNi8Fo0Xhz7MsjdrliRIoRWFNHlBP8AICinv6SxGaphC9yOEbvz3GmoktBk0XxCMBo7nkxWm6lw0gPriy22GVWHB4uxVr2TRwF3Yg+Atg3XXbgAiTuCiRr6feSfnO8MYgkYAEGcYlu2LsswL5CBg81FKA5VKUUoFyJZyUhSehDCqDCdAzjsYFvVRm1m5DzBtBq4YJ56SUOzFtFkazohzD8luZWk09nE8uKB+omPLRnhgnW60CxN2k= root@ubuntu-s-1vcpu-1gb-nyc3-01\r\n",
              "user_data": "H4sIAAAAAAAA/4xUXWvbQBB8F+g/bNUQUsrq3IeQ4pJCmvghUCeQtIFSSjndbeRtTnfHfaR2yY8viqPajY3bJ2lnhpk9aaRTZxPZhJ8WnsbQZZPYy5BEx3PS76Bx2WoZFsfV9Hw6+XD5+eLs5OpLVfQT3lCI7OwY3tSjsigLxHVRWfzxDtLGWwo4scpptu0YjhpOa4LH8ETzJOYYZ2RMVIF9Kospd7SR8/KFaNiKRsZZP0qfsKUE2WuZaDXjArJvg9R/Y2xjksaAZ7/CA3XunqDntVN3FGp2O1jUTu2ileu8i7RV4p3upMWlcqtCOZskWwp6Kx2y3RW+ooaTKomKQuJbVjJRBJWDgdZm3wIuNuXZ/mL/yAwIdjA6OjwE1CAoKSF9Ene0CGzbWBaPdngbrz/CLCUfx0Jo99MaJ3X99DCV64Rhm+ciN9mmLFrfwgNAf0HUJEPnAqDbtBdPDq1vy0LNOqdBvg7/0JGaOag0NfBVBjU7rvYOtL/ro3xgm7AHOZFKOdCrCiK3ljQ2i+Ndtt/++3RQ7R3UyxVdxECGZCTY34flXns3k6vr88uL76eXZ5OLk+mk6ndIsjFUwQMkotXxostBUawNx1TrYZt+gvcgNN0Lm415/g1sfa1DNWl1h8rwWttqdgPXZDZ6jt7klu2zVg9oH7Jk+kr25UAPb0fjw9FoBIhWdgTSc+ds60DK4KwLiX9wZ8UAb/41EMvidwAAAP//v1acSpQEAAA="
            },
            "platform_config": [],
            "preemptible_instance_config": [],
            "preserve_boot_volume": false,
            "private_ip": "192.168.1.155",
            "public_ip": "164.152.16.177",
            "region": "us-chicago-1",
            "shape": "VM.Standard.A1.Flex",
            "shape_config": [
              {
                "baseline_ocpu_utilization": "",
                "gpu_description": "",
                "gpus": 0,
                "local_disk_description": "",
                "local_disks": 0,
                "local_disks_total_size_in_gbs": 0,
                "max_vnic_attachments": 2,
                "memory_in_gbs": 6,
                "networking_bandwidth_in_gbps": 1,
                "nvmes": 0,
                "ocpus": 1,
                "processor_description": "3.0 GHz Ampere® Altra™",
                "vcpus": 1
              }
            ],
            "source_details": [
              {
                "boot_volume_size_in_gbs": "47",
                "boot_volume_vpus_per_gb": "10",
                "instance_source_image_filter_details": [],
                "kms_key_id": "",
                "source_id": "ocid1.image.oc1.us-chicago-1.aaaaaaaap4biqeyksmxjvjzegdptepxgoeny4e7spcrsktjlxgk5cvozzpqa",
                "source_type": "image"
              }
            ],
            "state": "RUNNING",
            "subnet_id": "ocid1.subnet.oc1.us-chicago-1.aaaaaaaaihnydaeetclr46z53tj5dujdzaqmviszdrhuecwkfxlyvxeirwwq",
            "system_tags": {},
            "time_created": "2023-09-26 04:49:24.704 +0000 UTC",
            "time_maintenance_reboot_due": "",
            "timeouts": null,
            "update_operation_constraint": null
          },
          "sensitive_attributes": [],
          "private": "eyJlMmJmYjczMC1lY2FhLTExZTYtOGY4OC0zNDM2M2JjN2M0YzAiOnsiY3JlYXRlIjoyNzAwMDAwMDAwMDAwLCJkZWxldGUiOjQ1MDAwMDAwMDAwMDAsInVwZGF0ZSI6MjcwMDAwMDAwMDAwMH19",
          "dependencies": [
            "data.cloudinit_config.vm01",
            "data.oci_identity_availability_domains.ads",
            "oci_core_internet_gateway.ig",
            "oci_core_route_table.public_rt",
            "oci_core_security_list.security_list",
            "oci_core_subnet.public",
            "oci_core_vcn.network"
          ]
        }
      ]
    },
    {
      "mode": "managed",
      "type": "oci_core_internet_gateway",
      "name": "ig",
      "provider": "provider[\"registry.terraform.io/oracle/oci\"]",
      "instances": [
        {
          "schema_version": 0,
          "attributes": {
            "compartment_id": "ocid1.tenancy.oc1..aaaaaaaa3epwpfrm2lqzabu6lvt2dggy7mixxirw3o4x34s2y23rhh34n6oq",
            "defined_tags": {
              "Oracle-Tags.CreatedBy": "default/aaortiz@estudiantec.cr",
              "Oracle-Tags.CreatedOn": "2023-09-26T04:49:22.206Z"
            },
            "display_name": "ig",
            "enabled": true,
            "freeform_tags": {
              "Name": "ig"
            },
            "id": "ocid1.internetgateway.oc1.us-chicago-1.aaaaaaaauxh3mr5ai5nv4skgiauvxwfuw7sye3gb6bdhdqy5wvwx372taspq",
            "route_table_id": null,
            "state": "AVAILABLE",
            "time_created": "2023-09-26 04:49:22.233 +0000 UTC",
            "timeouts": null,
            "vcn_id": "ocid1.vcn.oc1.us-chicago-1.amaaaaaa3m36ieaahe65csa4l6s6dwjg44uai5lp3ms2pcepjrtv2h53fjnq"
          },
          "sensitive_attributes": [],
          "private": "eyJlMmJmYjczMC1lY2FhLTExZTYtOGY4OC0zNDM2M2JjN2M0YzAiOnsiY3JlYXRlIjoxMjAwMDAwMDAwMDAwLCJkZWxldGUiOjEyMDAwMDAwMDAwMDAsInVwZGF0ZSI6MTIwMDAwMDAwMDAwMH19",
          "dependencies": [
            "oci_core_vcn.network"
          ]
        }
      ]
    },
    {
      "mode": "managed",
      "type": "oci_core_route_table",
      "name": "public_rt",
      "provider": "provider[\"registry.terraform.io/oracle/oci\"]",
      "instances": [
        {
          "schema_version": 0,
          "attributes": {
            "compartment_id": "ocid1.tenancy.oc1..aaaaaaaa3epwpfrm2lqzabu6lvt2dggy7mixxirw3o4x34s2y23rhh34n6oq",
            "defined_tags": {
              "Oracle-Tags.CreatedBy": "default/aaortiz@estudiantec.cr",
              "Oracle-Tags.CreatedOn": "2023-09-26T04:49:22.870Z"
            },
            "display_name": "public_rt",
            "freeform_tags": {
              "Name": "public_rt"
            },
            "id": "ocid1.routetable.oc1.us-chicago-1.aaaaaaaaqgbaupmlogt6r7kiqwx4vpeaxwuukoxxwudor35435sg33tqdvra",
            "route_rules": [
              {
                "cidr_block": "",
                "description": "",
                "destination": "0.0.0.0/0",
                "destination_type": "CIDR_BLOCK",
                "network_entity_id": "ocid1.internetgateway.oc1.us-chicago-1.aaaaaaaauxh3mr5ai5nv4skgiauvxwfuw7sye3gb6bdhdqy5wvwx372taspq",
                "route_type": ""
              }
            ],
            "state": "AVAILABLE",
            "time_created": "2023-09-26 04:49:22.883 +0000 UTC",
            "timeouts": null,
            "vcn_id": "ocid1.vcn.oc1.us-chicago-1.amaaaaaa3m36ieaahe65csa4l6s6dwjg44uai5lp3ms2pcepjrtv2h53fjnq"
          },
          "sensitive_attributes": [],
          "private": "eyJlMmJmYjczMC1lY2FhLTExZTYtOGY4OC0zNDM2M2JjN2M0YzAiOnsiY3JlYXRlIjoxMjAwMDAwMDAwMDAwLCJkZWxldGUiOjEyMDAwMDAwMDAwMDAsInVwZGF0ZSI6MTIwMDAwMDAwMDAwMH19",
          "dependencies": [
            "oci_core_internet_gateway.ig",
            "oci_core_vcn.network"
          ]
        }
      ]
    },
    {
      "mode": "managed",
      "type": "oci_core_route_table_attachment",
      "name": "public_rt_attachment",
      "provider": "provider[\"registry.terraform.io/oracle/oci\"]",
      "instances": [
        {
          "schema_version": 0,
          "attributes": {
            "id": "ocid1.subnet.oc1.us-chicago-1.aaaaaaaaihnydaeetclr46z53tj5dujdzaqmviszdrhuecwkfxlyvxeirwwq/ocid1.routetable.oc1.us-chicago-1.aaaaaaaaqgbaupmlogt6r7kiqwx4vpeaxwuukoxxwudor35435sg33tqdvra",
            "route_table_id": "ocid1.routetable.oc1.us-chicago-1.aaaaaaaaqgbaupmlogt6r7kiqwx4vpeaxwuukoxxwudor35435sg33tqdvra",
            "subnet_id": "ocid1.subnet.oc1.us-chicago-1.aaaaaaaaihnydaeetclr46z53tj5dujdzaqmviszdrhuecwkfxlyvxeirwwq",
            "timeouts": null
          },
          "sensitive_attributes": [],
          "private": "eyJlMmJmYjczMC1lY2FhLTExZTYtOGY4OC0zNDM2M2JjN2M0YzAiOnsiY3JlYXRlIjoxMjAwMDAwMDAwMDAwLCJkZWxldGUiOjEyMDAwMDAwMDAwMDAsInVwZGF0ZSI6MTIwMDAwMDAwMDAwMH19",
          "dependencies": [
            "oci_core_internet_gateway.ig",
            "oci_core_route_table.public_rt",
            "oci_core_security_list.security_list",
            "oci_core_subnet.public",
            "oci_core_vcn.network"
          ]
        }
      ]
    },
    {
      "mode": "managed",
      "type": "oci_core_security_list",
      "name": "security_list",
      "provider": "provider[\"registry.terraform.io/oracle/oci\"]",
      "instances": [
        {
          "schema_version": 0,
          "attributes": {
            "compartment_id": "ocid1.tenancy.oc1..aaaaaaaa3epwpfrm2lqzabu6lvt2dggy7mixxirw3o4x34s2y23rhh34n6oq",
            "defined_tags": {
              "Oracle-Tags.CreatedBy": "default/aaortiz@estudiantec.cr",
              "Oracle-Tags.CreatedOn": "2023-09-26T04:49:22.532Z"
            },
            "display_name": "security_list",
            "egress_security_rules": [
              {
                "description": "",
                "destination": "0.0.0.0/0",
                "destination_type": "CIDR_BLOCK",
                "icmp_options": [],
                "protocol": "all",
                "stateless": false,
                "tcp_options": [],
                "udp_options": []
              }
            ],
            "freeform_tags": {},
            "id": "ocid1.securitylist.oc1.us-chicago-1.aaaaaaaaptwajj5am2gfit2j22z2xbdttbnxlgsi3gjq2pnzjjekkuv4kxiq",
            "ingress_security_rules": [
              {
                "description": "",
                "icmp_options": [],
                "protocol": "6",
                "source": "0.0.0.0/0",
                "source_type": "CIDR_BLOCK",
                "stateless": false,
                "tcp_options": [
                  {
                    "max": 22,
                    "min": 22,
                    "source_port_range": []
                  }
                ],
                "udp_options": []
              },
              {
                "description": "",
                "icmp_options": [],
                "protocol": "6",
                "source": "0.0.0.0/0",
                "source_type": "CIDR_BLOCK",
                "stateless": false,
                "tcp_options": [
                  {
                    "max": 443,
                    "min": 443,
                    "source_port_range": []
                  }
                ],
                "udp_options": []
              },
              {
                "description": "",
                "icmp_options": [],
                "protocol": "6",
                "source": "0.0.0.0/0",
                "source_type": "CIDR_BLOCK",
                "stateless": false,
                "tcp_options": [
                  {
                    "max": 80,
                    "min": 80,
                    "source_port_range": []
                  }
                ],
                "udp_options": []
              }
            ],
            "state": "AVAILABLE",
            "time_created": "2023-09-26 04:49:22.567 +0000 UTC",
            "timeouts": null,
            "vcn_id": "ocid1.vcn.oc1.us-chicago-1.amaaaaaa3m36ieaahe65csa4l6s6dwjg44uai5lp3ms2pcepjrtv2h53fjnq"
          },
          "sensitive_attributes": [],
          "private": "eyJlMmJmYjczMC1lY2FhLTExZTYtOGY4OC0zNDM2M2JjN2M0YzAiOnsiY3JlYXRlIjoxMjAwMDAwMDAwMDAwLCJkZWxldGUiOjEyMDAwMDAwMDAwMDAsInVwZGF0ZSI6MTIwMDAwMDAwMDAwMH19",
          "dependencies": [
            "oci_core_vcn.network"
          ]
        }
      ]
    },
    {
      "mode": "managed",
      "type": "oci_core_subnet",
      "name": "public",
      "provider": "provider[\"registry.terraform.io/oracle/oci\"]",
      "instances": [
        {
          "schema_version": 0,
          "attributes": {
            "availability_domain": null,
            "cidr_block": "192.168.1.0/24",
            "compartment_id": "ocid1.tenancy.oc1..aaaaaaaa3epwpfrm2lqzabu6lvt2dggy7mixxirw3o4x34s2y23rhh34n6oq",
            "defined_tags": {
              "Oracle-Tags.CreatedBy": "default/aaortiz@estudiantec.cr",
              "Oracle-Tags.CreatedOn": "2023-09-26T04:49:23.389Z"
            },
            "dhcp_options_id": "ocid1.dhcpoptions.oc1.us-chicago-1.aaaaaaaaekuyzugjl7ehvvkwkl3jvd2h45aphlq7vwsrzoy3exl6jepm3xoa",
            "display_name": "public",
            "dns_label": null,
            "freeform_tags": {
              "Name": "public"
            },
            "id": "ocid1.subnet.oc1.us-chicago-1.aaaaaaaaihnydaeetclr46z53tj5dujdzaqmviszdrhuecwkfxlyvxeirwwq",
            "ipv6cidr_block": null,
            "ipv6cidr_blocks": [],
            "ipv6virtual_router_ip": null,
            "prohibit_internet_ingress": false,
            "prohibit_public_ip_on_vnic": false,
            "route_table_id": "ocid1.routetable.oc1.us-chicago-1.aaaaaaaaqgbaupmlogt6r7kiqwx4vpeaxwuukoxxwudor35435sg33tqdvra",
            "security_list_ids": [
              "ocid1.securitylist.oc1.us-chicago-1.aaaaaaaaptwajj5am2gfit2j22z2xbdttbnxlgsi3gjq2pnzjjekkuv4kxiq"
            ],
            "state": "AVAILABLE",
            "subnet_domain_name": null,
            "time_created": "2023-09-26 04:49:23.436 +0000 UTC",
            "timeouts": null,
            "vcn_id": "ocid1.vcn.oc1.us-chicago-1.amaaaaaa3m36ieaahe65csa4l6s6dwjg44uai5lp3ms2pcepjrtv2h53fjnq",
            "virtual_router_ip": "192.168.1.1",
            "virtual_router_mac": "00:00:17:52:51:6D"
          },
          "sensitive_attributes": [],
          "private": "eyJlMmJmYjczMC1lY2FhLTExZTYtOGY4OC0zNDM2M2JjN2M0YzAiOnsiY3JlYXRlIjoxMjAwMDAwMDAwMDAwLCJkZWxldGUiOjEyMDAwMDAwMDAwMDAsInVwZGF0ZSI6MTIwMDAwMDAwMDAwMH19",
          "dependencies": [
            "oci_core_internet_gateway.ig",
            "oci_core_route_table.public_rt",
            "oci_core_security_list.security_list",
            "oci_core_vcn.network"
          ]
        }
      ]
    },
    {
      "mode": "managed",
      "type": "oci_core_vcn",
      "name": "network",
      "provider": "provider[\"registry.terraform.io/oracle/oci\"]",
      "instances": [
        {
          "schema_version": 0,
          "attributes": {
            "byoipv6cidr_blocks": [],
            "byoipv6cidr_details": null,
            "cidr_block": "192.168.0.0/16",
            "cidr_blocks": [
              "192.168.0.0/16"
            ],
            "compartment_id": "ocid1.tenancy.oc1..aaaaaaaa3epwpfrm2lqzabu6lvt2dggy7mixxirw3o4x34s2y23rhh34n6oq",
            "default_dhcp_options_id": "ocid1.dhcpoptions.oc1.us-chicago-1.aaaaaaaaekuyzugjl7ehvvkwkl3jvd2h45aphlq7vwsrzoy3exl6jepm3xoa",
            "default_route_table_id": "ocid1.routetable.oc1.us-chicago-1.aaaaaaaatbtex3ij7xlglpctktp5er3rv3mikwg67zqbx5yggi3iig4yll3a",
            "default_security_list_id": "ocid1.securitylist.oc1.us-chicago-1.aaaaaaaa647pe2zlja6q7ynfz2xxfggpu7qsgqqywlrorrxxhoylbvtnoraq",
            "defined_tags": {
              "Oracle-Tags.CreatedBy": "default/aaortiz@estudiantec.cr",
              "Oracle-Tags.CreatedOn": "2023-09-26T04:49:21.579Z"
            },
            "display_name": "network",
            "dns_label": null,
            "freeform_tags": {
              "Name": "tec"
            },
            "id": "ocid1.vcn.oc1.us-chicago-1.amaaaaaa3m36ieaahe65csa4l6s6dwjg44uai5lp3ms2pcepjrtv2h53fjnq",
            "ipv6cidr_blocks": [],
            "ipv6private_cidr_blocks": [],
            "is_ipv6enabled": false,
            "is_oracle_gua_allocation_enabled": null,
            "state": "AVAILABLE",
            "time_created": "2023-09-26 04:49:21.631 +0000 UTC",
            "timeouts": null,
            "vcn_domain_name": null
          },
          "sensitive_attributes": [],
          "private": "eyJlMmJmYjczMC1lY2FhLTExZTYtOGY4OC0zNDM2M2JjN2M0YzAiOnsiY3JlYXRlIjoxMjAwMDAwMDAwMDAwLCJkZWxldGUiOjEyMDAwMDAwMDAwMDAsInVwZGF0ZSI6MTIwMDAwMDAwMDAwMH19"
        }
      ]
    },
    {
      "mode": "managed",
      "type": "oci_database_autonomous_database",
      "name": "autonomous_database",
      "provider": "provider[\"registry.terraform.io/oracle/oci\"]",
      "instances": [
        {
          "status": "tainted",
          "schema_version": 0,
          "attributes": {
            "actual_used_data_storage_size_in_tbs": null,
            "admin_password": "thisiswrongNereo08",
            "allocated_storage_size_in_tbs": null,
            "apex_details": null,
            "are_primary_whitelisted_ips_used": null,
            "autonomous_container_database_id": null,
            "autonomous_database_backup_id": null,
            "autonomous_database_id": null,
            "autonomous_maintenance_schedule_type": null,
            "available_upgrade_versions": null,
            "backup_config": null,
            "backup_retention_period_in_days": null,
            "character_set": null,
            "clone_type": null,
            "compartment_id": "ocid1.tenancy.oc1..aaaaaaaa3epwpfrm2lqzabu6lvt2dggy7mixxirw3o4x34s2y23rhh34n6oq",
            "compute_count": null,
            "compute_model": null,
            "connection_strings": null,
            "connection_urls": null,
            "cpu_core_count": null,
            "customer_contacts": null,
            "data_safe_status": null,
            "data_storage_size_in_gb": null,
            "data_storage_size_in_tbs": null,
            "database_edition": null,
            "database_management_status": null,
            "dataguard_region_type": null,
            "db_name": "ic4302",
            "db_version": null,
            "db_workload": null,
            "defined_tags": null,
            "disaster_recovery_region_type": null,
            "display_name": null,
            "failed_data_recovery_in_seconds": null,
            "freeform_tags": null,
            "id": "ocid1.autonomousdatabase.oc1.us-chicago-1.anxxeljs3m36ieaa37dla4nxhehfqb4ic3kiiwzvk5dy5kxeeulrxnbsnypq",
            "in_memory_area_in_gbs": null,
            "in_memory_percentage": null,
            "infrastructure_type": null,
            "is_access_control_enabled": null,
            "is_auto_scaling_enabled": null,
            "is_auto_scaling_for_storage_enabled": null,
            "is_data_guard_enabled": null,
            "is_dedicated": null,
            "is_free_tier": true,
            "is_local_data_guard_enabled": null,
            "is_mtls_connection_required": false,
            "is_preview": null,
            "is_preview_version_with_service_terms_accepted": null,
            "is_reconnect_clone_enabled": null,
            "is_refreshable_clone": null,
            "is_remote_data_guard_enabled": null,
            "is_shrink_only": null,
            "key_history_entry": null,
            "key_store_id": null,
            "key_store_wallet_name": null,
            "kms_key_id": null,
            "kms_key_lifecycle_details": null,
            "kms_key_version_id": null,
            "license_model": null,
            "lifecycle_details": null,
            "local_adg_auto_failover_max_data_loss_limit": null,
            "local_disaster_recovery_type": null,
            "local_standby_db": null,
            "long_term_backup_schedule": null,
            "max_cpu_core_count": null,
            "memory_per_oracle_compute_unit_in_gbs": null,
            "ncharacter_set": null,
            "next_long_term_backup_time_stamp": null,
            "nsg_ids": [],
            "ocpu_count": null,
            "open_mode": null,
            "operations_insights_status": null,
            "peer_db_ids": null,
            "permission_level": null,
            "private_endpoint": null,
            "private_endpoint_ip": null,
            "private_endpoint_label": null,
            "provisionable_cpus": null,
            "refreshable_mode": null,
            "refreshable_status": null,
            "remote_disaster_recovery_configuration": null,
            "remote_disaster_recovery_type": null,
            "role": null,
            "rotate_key_trigger": null,
            "scheduled_operations": null,
            "secret_id": null,
            "secret_version_number": null,
            "service_console_url": null,
            "source": null,
            "source_id": null,
            "standby_db": null,
            "standby_whitelisted_ips": null,
            "state": null,
            "subnet_id": null,
            "supported_regions_to_clone_to": null,
            "switchover_to": null,
            "switchover_to_remote_peer_id": null,
            "system_tags": null,
            "time_created": null,
            "time_data_guard_role_changed": null,
            "time_deletion_of_free_autonomous_database": null,
            "time_disaster_recovery_role_changed": null,
            "time_local_data_guard_enabled": null,
            "time_maintenance_begin": null,
            "time_maintenance_end": null,
            "time_of_last_failover": null,
            "time_of_last_refresh": null,
            "time_of_last_refresh_point": null,
            "time_of_last_switchover": null,
            "time_of_next_refresh": null,
            "time_reclamation_of_free_autonomous_database": null,
            "time_until_reconnect_clone_enabled": null,
            "timeouts": null,
            "timestamp": null,
            "total_backup_storage_size_in_gbs": null,
            "use_latest_available_backup_time_stamp": null,
            "used_data_storage_size_in_gbs": null,
            "used_data_storage_size_in_tbs": null,
            "vault_id": null,
            "whitelisted_ips": [
              "164.152.16.177"
            ]
          },
          "sensitive_attributes": [],
          "private": "eyJlMmJmYjczMC1lY2FhLTExZTYtOGY4OC0zNDM2M2JjN2M0YzAiOnsiY3JlYXRlIjo0MzIwMDAwMDAwMDAwMCwiZGVsZXRlIjo0MzIwMDAwMDAwMDAwMCwidXBkYXRlIjo0MzIwMDAwMDAwMDAwMH19",
          "dependencies": [
            "data.cloudinit_config.vm01",
            "data.oci_identity_availability_domains.ads",
            "oci_core_instance.vm01",
            "oci_core_internet_gateway.ig",
            "oci_core_route_table.public_rt",
            "oci_core_security_list.security_list",
            "oci_core_subnet.public",
            "oci_core_vcn.network"
          ]
        }
      ]
    },
    {
      "mode": "managed",
      "type": "oci_nosql_table",
      "name": "logs_table",
      "provider": "provider[\"registry.terraform.io/oracle/oci\"]",
      "instances": [
        {
          "schema_version": 0,
          "attributes": {
            "compartment_id": "ocid1.tenancy.oc1..aaaaaaaa3epwpfrm2lqzabu6lvt2dggy7mixxirw3o4x34s2y23rhh34n6oq",
            "ddl_statement": "CREATE TABLE if not exists ic4302_logs (logId INTEGER, title STRING, bagInfo JSON, PRIMARY KEY (logId))",
            "defined_tags": {
              "Oracle-Tags.CreatedBy": "default/aaortiz@estudiantec.cr",
              "Oracle-Tags.CreatedOn": "2023-09-26T04:49:21.604Z"
            },
            "freeform_tags": {},
            "id": "ocid1.nosqltable.oc1.us-chicago-1.amaaaaaa3m36ieaagke34ks7aecqrpak4rfmwbj77f6m3b3znhfre5sqtsxq",
            "is_auto_reclaimable": false,
            "lifecycle_details": "The resource is ACTIVE",
            "name": "ic4302_logs",
            "schema": [
              {
                "columns": [
                  {
                    "default_value": "",
                    "is_as_uuid": false,
                    "is_generated": false,
                    "is_nullable": false,
                    "name": "logId",
                    "type": "INTEGER"
                  },
                  {
                    "default_value": "",
                    "is_as_uuid": false,
                    "is_generated": false,
                    "is_nullable": true,
                    "name": "title",
                    "type": "STRING"
                  },
                  {
                    "default_value": "",
                    "is_as_uuid": false,
                    "is_generated": false,
                    "is_nullable": true,
                    "name": "bagInfo",
                    "type": "JSON"
                  }
                ],
                "identity": [],
                "primary_key": [
                  "logId"
                ],
                "shard_key": [
                  "logId"
                ],
                "ttl": 0
              }
            ],
            "state": "ACTIVE",
            "system_tags": {},
            "table_limits": [
              {
                "capacity_mode": "PROVISIONED",
                "max_read_units": 1,
                "max_storage_in_gbs": 1,
                "max_write_units": 1
              }
            ],
            "time_created": "2023-09-26 04:49:22.023 +0000 UTC",
            "time_of_expiration": null,
            "time_updated": "2023-09-26 04:49:23.48 +0000 UTC",
            "timeouts": null
          },
          "sensitive_attributes": [],
          "private": "eyJlMmJmYjczMC1lY2FhLTExZTYtOGY4OC0zNDM2M2JjN2M0YzAiOnsiY3JlYXRlIjoxMjAwMDAwMDAwMDAwLCJkZWxldGUiOjEyMDAwMDAwMDAwMDAsInVwZGF0ZSI6MTIwMDAwMDAwMDAwMH19"
        }
      ]
    },
    {
      "mode": "managed",
      "type": "oci_objectstorage_bucket",
      "name": "bucket",
      "provider": "provider[\"registry.terraform.io/oracle/oci\"]",
      "instances": [
        {
          "schema_version": 0,
          "attributes": {
            "access_type": "NoPublicAccess",
            "approximate_count": "0",
            "approximate_size": "0",
            "auto_tiering": "Disabled",
            "bucket_id": "ocid1.bucket.oc1.us-chicago-1.aaaaaaaacdh3izttvdsiaeqqt766icu4s6mco676yve5yhhecdnzg62xlw3q",
            "compartment_id": "ocid1.tenancy.oc1..aaaaaaaa3epwpfrm2lqzabu6lvt2dggy7mixxirw3o4x34s2y23rhh34n6oq",
            "created_by": "ocid1.user.oc1..aaaaaaaawyygyja6timgy2wvdb5v7kok7d5jmjsoktyxh2ciulip5hnvmomq",
            "defined_tags": {
              "Oracle-Tags.CreatedBy": "default/aaortiz@estudiantec.cr",
              "Oracle-Tags.CreatedOn": "2023-09-26T04:49:21.624Z"
            },
            "etag": "1df2929a-d718-4e17-91a7-35ad9ac54a32",
            "freeform_tags": {},
            "id": "n/ax01exxq0ilh/b/aaron",
            "is_read_only": false,
            "kms_key_id": null,
            "metadata": null,
            "name": "aaron",
            "namespace": "ax01exxq0ilh",
            "object_events_enabled": false,
            "object_lifecycle_policy_etag": null,
            "replication_enabled": false,
            "retention_rules": [],
            "storage_tier": "Standard",
            "time_created": "2023-09-26 04:49:21.631 +0000 UTC",
            "timeouts": null,
            "versioning": "Disabled"
          },
          "sensitive_attributes": [],
          "private": "eyJlMmJmYjczMC1lY2FhLTExZTYtOGY4OC0zNDM2M2JjN2M0YzAiOnsiY3JlYXRlIjoxMjAwMDAwMDAwMDAwLCJkZWxldGUiOjEyMDAwMDAwMDAwMDAsInVwZGF0ZSI6MTIwMDAwMDAwMDAwMH19",
          "dependencies": [
            "data.oci_objectstorage_namespace.namespace"
          ]
        }
      ]
    }
  ],
  "check_results": null
}
